
Microsoft Visual Studio Solution File, Format Version 12.00
# Visual Studio Version 17
VisualStudioVersion = 17.10.34928.147
MinimumVisualStudioVersion = 10.0.40219.1
Project("{9A19103F-16F7-4668-BE54-9A1E7A4F7556}") = "SignalRWhisper", "SignalRWhisper\SignalRWhisper\SignalRWhisper.csproj", "{6CA150A4-D2F7-406B-AF1D-BD63E723C3C1}"
EndProject
Project("{9A19103F-16F7-4668-BE54-9A1E7A4F7556}") = "SignalRWhisper.Client", "SignalRWhisper\SignalRWhisper.Client\SignalRWhisper.Client.csproj", "{2CB7539E-049E-419E-9DE6-60008560EFE5}"
EndProject
Global
	GlobalSection(SolutionConfigurationPlatforms) = preSolution
		Debug|Any CPU = Debug|Any CPU
		Debug|x64 = Debug|x64
		Release|Any CPU = Release|Any CPU
		Release|x64 = Release|x64
	EndGlobalSection
	GlobalSection(ProjectConfigurationPlatforms) = postSolution
		{6CA150A4-D2F7-406B-AF1D-BD63E723C3C1}.Debug|Any CPU.ActiveCfg = Debug|x64
		{6CA150A4-D2F7-406B-AF1D-BD63E723C3C1}.Debug|Any CPU.Build.0 = Debug|x64
		{6CA150A4-D2F7-406B-AF1D-BD63E723C3C1}.Debug|x64.ActiveCfg = Debug|x64
		{6CA150A4-D2F7-406B-AF1D-BD63E723C3C1}.Debug|x64.Build.0 = Debug|x64
		{6CA150A4-D2F7-406B-AF1D-BD63E723C3C1}.Release|Any CPU.ActiveCfg = Release|x64
		{6CA150A4-D2F7-406B-AF1D-BD63E723C3C1}.Release|x64.ActiveCfg = Release|x64
		{6CA150A4-D2F7-406B-AF1D-BD63E723C3C1}.Release|x64.Build.0 = Release|x64
		{2CB7539E-049E-419E-9DE6-60008560EFE5}.Debug|Any CPU.ActiveCfg = Debug|Any CPU
		{2CB7539E-049E-419E-9DE6-60008560EFE5}.Debug|Any CPU.Build.0 = Debug|Any CPU
		{2CB7539E-049E-419E-9DE6-60008560EFE5}.Debug|x64.ActiveCfg = Debug|Any CPU
		{2CB7539E-049E-419E-9DE6-60008560EFE5}.Debug|x64.Build.0 = Debug|Any CPU
		{2CB7539E-049E-419E-9DE6-60008560EFE5}.Release|Any CPU.ActiveCfg = Release|Any CPU
		{2CB7539E-049E-419E-9DE6-60008560EFE5}.Release|Any CPU.Build.0 = Release|Any CPU
		{2CB7539E-049E-419E-9DE6-60008560EFE5}.Release|x64.ActiveCfg = Release|x64
		{2CB7539E-049E-419E-9DE6-60008560EFE5}.Release|x64.Build.0 = Release|x64
	EndGlobalSection
	GlobalSection(SolutionProperties) = preSolution
		HideSolutionNode = FALSE
	EndGlobalSection
	GlobalSection(ExtensibilityGlobals) = postSolution
		SolutionGuid = {D4D74B17-CF15-46E3-A0E9-5CFE16F6D700}
	EndGlobalSection
EndGlobal
