
Microsoft Visual Studio Solution File, Format Version 12.00
# Visual Studio Version 17
VisualStudioVersion = 17.10.34928.147
MinimumVisualStudioVersion = 10.0.40219.1
Project("{FAE04EC0-301F-11D3-BF4B-00C04F79EFBC}") = "Kuromoji", "Kuromoji\Kuromoji.csproj", "{58765382-7929-48ED-BCA8-2AD8D3176437}"
EndProject
Global
	GlobalSection(SolutionConfigurationPlatforms) = preSolution
		Debug|Any CPU = Debug|Any CPU
		Release|Any CPU = Release|Any CPU
	EndGlobalSection
	GlobalSection(ProjectConfigurationPlatforms) = postSolution
		{58765382-7929-48ED-BCA8-2AD8D3176437}.Debug|Any CPU.ActiveCfg = Debug|Any CPU
		{58765382-7929-48ED-BCA8-2AD8D3176437}.Debug|Any CPU.Build.0 = Debug|Any CPU
		{58765382-7929-48ED-BCA8-2AD8D3176437}.Release|Any CPU.ActiveCfg = Release|Any CPU
		{58765382-7929-48ED-BCA8-2AD8D3176437}.Release|Any CPU.Build.0 = Release|Any CPU
	EndGlobalSection
	GlobalSection(SolutionProperties) = preSolution
		HideSolutionNode = FALSE
	EndGlobalSection
	GlobalSection(ExtensibilityGlobals) = postSolution
		SolutionGuid = {5F638A30-2891-4239-AA71-B73E7DD0F9C3}
	EndGlobalSection
EndGlobal
