
Microsoft Visual Studio Solution File, Format Version 12.00
# Visual Studio Version 17
VisualStudioVersion = 17.7.34031.279
MinimumVisualStudioVersion = 10.0.40219.1
Project("{9A19103F-16F7-4668-BE54-9A1E7A4F7556}") = "HowToGetNetworkDriveInfo", "HowToGetNetworkDriveInfo\HowToGetNetworkDriveInfo.csproj", "{5A312274-C6E9-415A-9FDD-9207D508CE74}"
EndProject
Global
	GlobalSection(SolutionConfigurationPlatforms) = preSolution
		Debug|Any CPU = Debug|Any CPU
		Release|Any CPU = Release|Any CPU
	EndGlobalSection
	GlobalSection(ProjectConfigurationPlatforms) = postSolution
		{5A312274-C6E9-415A-9FDD-9207D508CE74}.Debug|Any CPU.ActiveCfg = Debug|Any CPU
		{5A312274-C6E9-415A-9FDD-9207D508CE74}.Debug|Any CPU.Build.0 = Debug|Any CPU
		{5A312274-C6E9-415A-9FDD-9207D508CE74}.Release|Any CPU.ActiveCfg = Release|Any CPU
		{5A312274-C6E9-415A-9FDD-9207D508CE74}.Release|Any CPU.Build.0 = Release|Any CPU
	EndGlobalSection
	GlobalSection(SolutionProperties) = preSolution
		HideSolutionNode = FALSE
	EndGlobalSection
	GlobalSection(ExtensibilityGlobals) = postSolution
		SolutionGuid = {27BF7EB3-2D18-45AB-B64E-8B5728212643}
	EndGlobalSection
EndGlobal
