
Microsoft Visual Studio Solution File, Format Version 12.00
# Visual Studio Version 17
VisualStudioVersion = 17.7.34003.232
MinimumVisualStudioVersion = 10.0.40219.1
Project("{9A19103F-16F7-4668-BE54-9A1E7A4F7556}") = "WatchChangedPath", "WatchChangedPath\WatchChangedPath.csproj", "{F09EC80B-902B-4CB5-BB6A-526F3A9BD333}"
EndProject
Global
	GlobalSection(SolutionConfigurationPlatforms) = preSolution
		Debug|Any CPU = Debug|Any CPU
		Release|Any CPU = Release|Any CPU
	EndGlobalSection
	GlobalSection(ProjectConfigurationPlatforms) = postSolution
		{F09EC80B-902B-4CB5-BB6A-526F3A9BD333}.Debug|Any CPU.ActiveCfg = Debug|Any CPU
		{F09EC80B-902B-4CB5-BB6A-526F3A9BD333}.Debug|Any CPU.Build.0 = Debug|Any CPU
		{F09EC80B-902B-4CB5-BB6A-526F3A9BD333}.Release|Any CPU.ActiveCfg = Release|Any CPU
		{F09EC80B-902B-4CB5-BB6A-526F3A9BD333}.Release|Any CPU.Build.0 = Release|Any CPU
	EndGlobalSection
	GlobalSection(SolutionProperties) = preSolution
		HideSolutionNode = FALSE
	EndGlobalSection
	GlobalSection(ExtensibilityGlobals) = postSolution
		SolutionGuid = {FFFA0255-6348-44E5-9B60-304F6D4D6CD0}
	EndGlobalSection
EndGlobal
